# This file was autogenerated by uv via the following command:
#    uv pip compile requirements.txt -o requirements.lock
asgiref==3.8.1
    # via
    #   -r requirements.txt
    #   django
django==5.2.1
    # via -r requirements.txt
sqlparse==0.5.3
    # via
    #   -r requirements.txt
    #   django
